
Microsoft Visual Studio Solution File, Format Version 12.00
# Visual Studio Version 17
VisualStudioVersion = 17.13.35806.99 d17.13
MinimumVisualStudioVersion = 10.0.40219.1
Project("{FAE04EC0-301F-11D3-BF4B-00C04F79EFBC}") = "Collab", "Collab\Collab.csproj", "{401678EC-F642-4A89-A59D-30C549A4FC72}"
EndProject
Global
	GlobalSection(SolutionConfigurationPlatforms) = preSolution
		Debug|Any CPU = Debug|Any CPU
		Release|Any CPU = Release|Any CPU
	EndGlobalSection
	GlobalSection(ProjectConfigurationPlatforms) = postSolution
		{401678EC-F642-4A89-A59D-30C549A4FC72}.Debug|Any CPU.ActiveCfg = Debug|Any CPU
		{401678EC-F642-4A89-A59D-30C549A4FC72}.Debug|Any CPU.Build.0 = Debug|Any CPU
		{401678EC-F642-4A89-A59D-30C549A4FC72}.Release|Any CPU.ActiveCfg = Release|Any CPU
		{401678EC-F642-4A89-A59D-30C549A4FC72}.Release|Any CPU.Build.0 = Release|Any CPU
	EndGlobalSection
	GlobalSection(SolutionProperties) = preSolution
		HideSolutionNode = FALSE
	EndGlobalSection
	GlobalSection(ExtensibilityGlobals) = postSolution
		SolutionGuid = {A04F5BE5-902F-4C0A-9B01-7FFBC0556D2B}
	EndGlobalSection
EndGlobal
